
Microsoft Visual Studio Solution File, Format Version 12.00
# Visual Studio Version 17
VisualStudioVersion = 17.8.34525.116
MinimumVisualStudioVersion = 10.0.40219.1
Project("{FAE04EC0-301F-11D3-BF4B-00C04F79EFBC}") = "GraphQL_Demo", "GraphQL_Demo\GraphQL_Demo.csproj", "{76D66118-4E0E-4771-9249-04357871120F}"
EndProject
Global
	GlobalSection(SolutionConfigurationPlatforms) = preSolution
		Debug|Any CPU = Debug|Any CPU
		Release|Any CPU = Release|Any CPU
	EndGlobalSection
	GlobalSection(ProjectConfigurationPlatforms) = postSolution
		{76D66118-4E0E-4771-9249-04357871120F}.Debug|Any CPU.ActiveCfg = Debug|Any CPU
		{76D66118-4E0E-4771-9249-04357871120F}.Debug|Any CPU.Build.0 = Debug|Any CPU
		{76D66118-4E0E-4771-9249-04357871120F}.Release|Any CPU.ActiveCfg = Release|Any CPU
		{76D66118-4E0E-4771-9249-04357871120F}.Release|Any CPU.Build.0 = Release|Any CPU
	EndGlobalSection
	GlobalSection(SolutionProperties) = preSolution
		HideSolutionNode = FALSE
	EndGlobalSection
	GlobalSection(ExtensibilityGlobals) = postSolution
		SolutionGuid = {F3DD5DC8-0956-49EE-B674-BFFAE97927E7}
	EndGlobalSection
EndGlobal
